
Microsoft Visual Studio Solution File, Format Version 12.00
# Visual Studio 15
VisualStudioVersion = 15.0.27428.2027
MinimumVisualStudioVersion = 10.0.40219.1
Project("{FAE04EC0-301F-11D3-BF4B-00C04F79EFBC}") = "ConsoleParking", "ConsoleParking\ConsoleParking.csproj", "{0D91A7B3-A53E-4525-93FC-40366F7B488B}"
EndProject
Global
	GlobalSection(SolutionConfigurationPlatforms) = preSolution
		Debug|Any CPU = Debug|Any CPU
		Release|Any CPU = Release|Any CPU
	EndGlobalSection
	GlobalSection(ProjectConfigurationPlatforms) = postSolution
		{0D91A7B3-A53E-4525-93FC-40366F7B488B}.Debug|Any CPU.ActiveCfg = Debug|Any CPU
		{0D91A7B3-A53E-4525-93FC-40366F7B488B}.Debug|Any CPU.Build.0 = Debug|Any CPU
		{0D91A7B3-A53E-4525-93FC-40366F7B488B}.Release|Any CPU.ActiveCfg = Release|Any CPU
		{0D91A7B3-A53E-4525-93FC-40366F7B488B}.Release|Any CPU.Build.0 = Release|Any CPU
	EndGlobalSection
	GlobalSection(SolutionProperties) = preSolution
		HideSolutionNode = FALSE
	EndGlobalSection
	GlobalSection(ExtensibilityGlobals) = postSolution
		SolutionGuid = {A9C2E8B8-4402-4D7D-A0EF-5AB26A99D48F}
	EndGlobalSection
EndGlobal
